
Microsoft Visual Studio Solution File, Format Version 12.00
# Visual Studio Version 16
VisualStudioVersion = 16.0.29728.190
MinimumVisualStudioVersion = 10.0.40219.1
Project("{FAE04EC0-301F-11D3-BF4B-00C04F79EFBC}") = "employee", "employee\employee.csproj", "{B79F4380-22A9-407F-B4FA-970AB6EBC8DF}"
EndProject
Global
	GlobalSection(SolutionConfigurationPlatforms) = preSolution
		Debug|Any CPU = Debug|Any CPU
		Release|Any CPU = Release|Any CPU
	EndGlobalSection
	GlobalSection(ProjectConfigurationPlatforms) = postSolution
		{B79F4380-22A9-407F-B4FA-970AB6EBC8DF}.Debug|Any CPU.ActiveCfg = Debug|Any CPU
		{B79F4380-22A9-407F-B4FA-970AB6EBC8DF}.Debug|Any CPU.Build.0 = Debug|Any CPU
		{B79F4380-22A9-407F-B4FA-970AB6EBC8DF}.Release|Any CPU.ActiveCfg = Release|Any CPU
		{B79F4380-22A9-407F-B4FA-970AB6EBC8DF}.Release|Any CPU.Build.0 = Release|Any CPU
	EndGlobalSection
	GlobalSection(SolutionProperties) = preSolution
		HideSolutionNode = FALSE
	EndGlobalSection
	GlobalSection(ExtensibilityGlobals) = postSolution
		SolutionGuid = {36396C9D-EA8B-43DD-A7FB-2C44D8BB11E8}
	EndGlobalSection
EndGlobal
