
Microsoft Visual Studio Solution File, Format Version 12.00
# Visual Studio Version 16
VisualStudioVersion = 16.0.29728.190
MinimumVisualStudioVersion = 10.0.40219.1
Project("{FAE04EC0-301F-11D3-BF4B-00C04F79EFBC}") = "kacan oyun", "kacan oyun\kacan oyun.csproj", "{2ADD8CCA-D56F-45F3-9A13-060EEC8C8783}"
EndProject
Global
	GlobalSection(SolutionConfigurationPlatforms) = preSolution
		Debug|Any CPU = Debug|Any CPU
		Release|Any CPU = Release|Any CPU
	EndGlobalSection
	GlobalSection(ProjectConfigurationPlatforms) = postSolution
		{2ADD8CCA-D56F-45F3-9A13-060EEC8C8783}.Debug|Any CPU.ActiveCfg = Debug|Any CPU
		{2ADD8CCA-D56F-45F3-9A13-060EEC8C8783}.Debug|Any CPU.Build.0 = Debug|Any CPU
		{2ADD8CCA-D56F-45F3-9A13-060EEC8C8783}.Release|Any CPU.ActiveCfg = Release|Any CPU
		{2ADD8CCA-D56F-45F3-9A13-060EEC8C8783}.Release|Any CPU.Build.0 = Release|Any CPU
	EndGlobalSection
	GlobalSection(SolutionProperties) = preSolution
		HideSolutionNode = FALSE
	EndGlobalSection
	GlobalSection(ExtensibilityGlobals) = postSolution
		SolutionGuid = {9E99A318-32A1-4993-A953-A91ABCCDE8B7}
	EndGlobalSection
EndGlobal
